
Microsoft Visual Studio Solution File, Format Version 12.00
# Visual Studio Version 17
VisualStudioVersion = 17.8.34330.188
MinimumVisualStudioVersion = 10.0.40219.1
Project("{FAE04EC0-301F-11D3-BF4B-00C04F79EFBC}") = "PAP2T2", "PAP2T2.csproj", "{CAF641DC-8701-4001-B41C-F31FE9D3B77A}"
EndProject
Global
	GlobalSection(SolutionConfigurationPlatforms) = preSolution
		Debug|Any CPU = Debug|Any CPU
		Release|Any CPU = Release|Any CPU
	EndGlobalSection
	GlobalSection(ProjectConfigurationPlatforms) = postSolution
		{CAF641DC-8701-4001-B41C-F31FE9D3B77A}.Debug|Any CPU.ActiveCfg = Debug|Any CPU
		{CAF641DC-8701-4001-B41C-F31FE9D3B77A}.Debug|Any CPU.Build.0 = Debug|Any CPU
		{CAF641DC-8701-4001-B41C-F31FE9D3B77A}.Release|Any CPU.ActiveCfg = Release|Any CPU
		{CAF641DC-8701-4001-B41C-F31FE9D3B77A}.Release|Any CPU.Build.0 = Release|Any CPU
	EndGlobalSection
	GlobalSection(SolutionProperties) = preSolution
		HideSolutionNode = FALSE
	EndGlobalSection
	GlobalSection(ExtensibilityGlobals) = postSolution
		SolutionGuid = {0D7DEB69-D52C-4F4B-83A0-DE2F5409AB53}
	EndGlobalSection
EndGlobal
